
Microsoft Visual Studio Solution File, Format Version 12.00
# Visual Studio Version 16
VisualStudioVersion = 16.0.36631.11
MinimumVisualStudioVersion = 10.0.40219.1
Project("{FAE04EC0-301F-11D3-BF4B-00C04F79EFBC}") = "jiralite", "jiralite.csproj", "{DA6B6373-A1EF-42C5-909D-B54F78CBC31B}"
EndProject
Global
	GlobalSection(SolutionConfigurationPlatforms) = preSolution
		Debug|Any CPU = Debug|Any CPU
		Release|Any CPU = Release|Any CPU
	EndGlobalSection
	GlobalSection(ProjectConfigurationPlatforms) = postSolution
		{DA6B6373-A1EF-42C5-909D-B54F78CBC31B}.Debug|Any CPU.ActiveCfg = Debug|Any CPU
		{DA6B6373-A1EF-42C5-909D-B54F78CBC31B}.Debug|Any CPU.Build.0 = Debug|Any CPU
		{DA6B6373-A1EF-42C5-909D-B54F78CBC31B}.Release|Any CPU.ActiveCfg = Release|Any CPU
		{DA6B6373-A1EF-42C5-909D-B54F78CBC31B}.Release|Any CPU.Build.0 = Release|Any CPU
	EndGlobalSection
	GlobalSection(SolutionProperties) = preSolution
		HideSolutionNode = FALSE
	EndGlobalSection
	GlobalSection(ExtensibilityGlobals) = postSolution
		SolutionGuid = {94E2A75A-42BE-4F41-BBAF-03DF04D38DB2}
	EndGlobalSection
EndGlobal
